
Microsoft Visual Studio Solution File, Format Version 12.00
# Visual Studio 15
VisualStudioVersion = 15.0.28307.645
MinimumVisualStudioVersion = 10.0.40219.1
Project("{FAE04EC0-301F-11D3-BF4B-00C04F79EFBC}") = "Reflex Trainer", "Reflex Trainer.csproj", "{3C776D6F-2500-4A76-9592-9E1240EB7321}"
EndProject
Global
	GlobalSection(SolutionConfigurationPlatforms) = preSolution
		Debug|Any CPU = Debug|Any CPU
		Release|Any CPU = Release|Any CPU
	EndGlobalSection
	GlobalSection(ProjectConfigurationPlatforms) = postSolution
		{3C776D6F-2500-4A76-9592-9E1240EB7321}.Debug|Any CPU.ActiveCfg = Debug|Any CPU
		{3C776D6F-2500-4A76-9592-9E1240EB7321}.Debug|Any CPU.Build.0 = Debug|Any CPU
		{3C776D6F-2500-4A76-9592-9E1240EB7321}.Release|Any CPU.ActiveCfg = Release|Any CPU
		{3C776D6F-2500-4A76-9592-9E1240EB7321}.Release|Any CPU.Build.0 = Release|Any CPU
	EndGlobalSection
	GlobalSection(SolutionProperties) = preSolution
		HideSolutionNode = FALSE
	EndGlobalSection
	GlobalSection(ExtensibilityGlobals) = postSolution
		SolutionGuid = {0C3EAF8C-D7F0-4530-A2AC-F600076B704A}
	EndGlobalSection
EndGlobal
